
Microsoft Visual Studio Solution File, Format Version 12.00
# Visual Studio Version 17
VisualStudioVersion = 17.3.32929.385
MinimumVisualStudioVersion = 10.0.40219.1
Project("{8BC9CEB8-8B4A-11D0-8D11-00A0C91BC942}") = "snakeByArray", "snakeByArray\snakeByArray.vcxproj", "{69462103-F92C-4B6D-9FE8-46A960E4D85B}"
EndProject
Global
	GlobalSection(SolutionConfigurationPlatforms) = preSolution
		Debug|x64 = Debug|x64
		Debug|x86 = Debug|x86
		Release|x64 = Release|x64
		Release|x86 = Release|x86
	EndGlobalSection
	GlobalSection(ProjectConfigurationPlatforms) = postSolution
		{69462103-F92C-4B6D-9FE8-46A960E4D85B}.Debug|x64.ActiveCfg = Debug|x64
		{69462103-F92C-4B6D-9FE8-46A960E4D85B}.Debug|x64.Build.0 = Debug|x64
		{69462103-F92C-4B6D-9FE8-46A960E4D85B}.Debug|x86.ActiveCfg = Debug|Win32
		{69462103-F92C-4B6D-9FE8-46A960E4D85B}.Debug|x86.Build.0 = Debug|Win32
		{69462103-F92C-4B6D-9FE8-46A960E4D85B}.Release|x64.ActiveCfg = Release|x64
		{69462103-F92C-4B6D-9FE8-46A960E4D85B}.Release|x64.Build.0 = Release|x64
		{69462103-F92C-4B6D-9FE8-46A960E4D85B}.Release|x86.ActiveCfg = Release|Win32
		{69462103-F92C-4B6D-9FE8-46A960E4D85B}.Release|x86.Build.0 = Release|Win32
	EndGlobalSection
	GlobalSection(SolutionProperties) = preSolution
		HideSolutionNode = FALSE
	EndGlobalSection
	GlobalSection(ExtensibilityGlobals) = postSolution
		SolutionGuid = {E348336C-6666-4094-A861-5A45A2671BEC}
	EndGlobalSection
EndGlobal
